
Microsoft Visual Studio Solution File, Format Version 12.00
# Visual Studio Version 16
VisualStudioVersion = 16.0.30011.22
MinimumVisualStudioVersion = 10.0.40219.1
Project("{9A19103F-16F7-4668-BE54-9A1E7A4F7556}") = "ForumSystem.App", "ForumSystem.App\ForumSystem.App.csproj", "{24012C44-946F-4843-807E-F7DAE545C3C8}"
EndProject
Project("{9A19103F-16F7-4668-BE54-9A1E7A4F7556}") = "ForumSystem.Data", "ForumSystem.Data\ForumSystem.Data.csproj", "{6ECEAD3A-EAB7-49B7-B93B-FAD1977689BE}"
EndProject
Project("{9A19103F-16F7-4668-BE54-9A1E7A4F7556}") = "ForumSystem.Models", "ForumSystem.Models\ForumSystem.Models.csproj", "{3969BAB3-6C17-4E19-AB54-8009FC56C9F0}"
EndProject
Project("{9A19103F-16F7-4668-BE54-9A1E7A4F7556}") = "Test", "Test\Test.csproj", "{85548D1A-AEFB-454D-8570-96C8D13F0AA9}"
EndProject
Global
	GlobalSection(SolutionConfigurationPlatforms) = preSolution
		Debug|Any CPU = Debug|Any CPU
		Release|Any CPU = Release|Any CPU
	EndGlobalSection
	GlobalSection(ProjectConfigurationPlatforms) = postSolution
		{24012C44-946F-4843-807E-F7DAE545C3C8}.Debug|Any CPU.ActiveCfg = Debug|Any CPU
		{24012C44-946F-4843-807E-F7DAE545C3C8}.Debug|Any CPU.Build.0 = Debug|Any CPU
		{24012C44-946F-4843-807E-F7DAE545C3C8}.Release|Any CPU.ActiveCfg = Release|Any CPU
		{24012C44-946F-4843-807E-F7DAE545C3C8}.Release|Any CPU.Build.0 = Release|Any CPU
		{6ECEAD3A-EAB7-49B7-B93B-FAD1977689BE}.Debug|Any CPU.ActiveCfg = Debug|Any CPU
		{6ECEAD3A-EAB7-49B7-B93B-FAD1977689BE}.Debug|Any CPU.Build.0 = Debug|Any CPU
		{6ECEAD3A-EAB7-49B7-B93B-FAD1977689BE}.Release|Any CPU.ActiveCfg = Release|Any CPU
		{6ECEAD3A-EAB7-49B7-B93B-FAD1977689BE}.Release|Any CPU.Build.0 = Release|Any CPU
		{3969BAB3-6C17-4E19-AB54-8009FC56C9F0}.Debug|Any CPU.ActiveCfg = Debug|Any CPU
		{3969BAB3-6C17-4E19-AB54-8009FC56C9F0}.Debug|Any CPU.Build.0 = Debug|Any CPU
		{3969BAB3-6C17-4E19-AB54-8009FC56C9F0}.Release|Any CPU.ActiveCfg = Release|Any CPU
		{3969BAB3-6C17-4E19-AB54-8009FC56C9F0}.Release|Any CPU.Build.0 = Release|Any CPU
		{85548D1A-AEFB-454D-8570-96C8D13F0AA9}.Debug|Any CPU.ActiveCfg = Debug|Any CPU
		{85548D1A-AEFB-454D-8570-96C8D13F0AA9}.Debug|Any CPU.Build.0 = Debug|Any CPU
		{85548D1A-AEFB-454D-8570-96C8D13F0AA9}.Release|Any CPU.ActiveCfg = Release|Any CPU
		{85548D1A-AEFB-454D-8570-96C8D13F0AA9}.Release|Any CPU.Build.0 = Release|Any CPU
	EndGlobalSection
	GlobalSection(SolutionProperties) = preSolution
		HideSolutionNode = FALSE
	EndGlobalSection
	GlobalSection(ExtensibilityGlobals) = postSolution
		SolutionGuid = {6FFC3AED-80B0-4C87-B8DB-C9B27A502027}
	EndGlobalSection
EndGlobal
